
Microsoft Visual Studio Solution File, Format Version 12.00
# Visual Studio Version 16
VisualStudioVersion = 16.0.29411.108
MinimumVisualStudioVersion = 10.0.40219.1
Project("{FAE04EC0-301F-11D3-BF4B-00C04F79EFBC}") = "FirstDockerAPI", "FirstDockerAPI\FirstDockerAPI.csproj", "{81BEF1BD-674D-414B-948F-94F684E7A731}"
EndProject
Global
	GlobalSection(SolutionConfigurationPlatforms) = preSolution
		Debug|Any CPU = Debug|Any CPU
		Release|Any CPU = Release|Any CPU
	EndGlobalSection
	GlobalSection(ProjectConfigurationPlatforms) = postSolution
		{81BEF1BD-674D-414B-948F-94F684E7A731}.Debug|Any CPU.ActiveCfg = Debug|Any CPU
		{81BEF1BD-674D-414B-948F-94F684E7A731}.Debug|Any CPU.Build.0 = Debug|Any CPU
		{81BEF1BD-674D-414B-948F-94F684E7A731}.Release|Any CPU.ActiveCfg = Release|Any CPU
		{81BEF1BD-674D-414B-948F-94F684E7A731}.Release|Any CPU.Build.0 = Release|Any CPU
	EndGlobalSection
	GlobalSection(SolutionProperties) = preSolution
		HideSolutionNode = FALSE
	EndGlobalSection
	GlobalSection(ExtensibilityGlobals) = postSolution
		SolutionGuid = {985E9ACC-CF0F-44EA-8DEB-07AABAAFCBA8}
	EndGlobalSection
EndGlobal
